
Microsoft Visual Studio Solution File, Format Version 12.00
# Visual Studio Version 16
VisualStudioVersion = 16.0.31321.278
MinimumVisualStudioVersion = 10.0.40219.1
Project("{9A19103F-16F7-4668-BE54-9A1E7A4F7556}") = "AppointmentScheduler", "AppointmentScheduler\AppointmentScheduler.csproj", "{ACB9C86C-5B5C-4D7E-9873-D15948B69405}"
EndProject
Global
	GlobalSection(SolutionConfigurationPlatforms) = preSolution
		Debug|Any CPU = Debug|Any CPU
		Release|Any CPU = Release|Any CPU
	EndGlobalSection
	GlobalSection(ProjectConfigurationPlatforms) = postSolution
		{ACB9C86C-5B5C-4D7E-9873-D15948B69405}.Debug|Any CPU.ActiveCfg = Debug|Any CPU
		{ACB9C86C-5B5C-4D7E-9873-D15948B69405}.Debug|Any CPU.Build.0 = Debug|Any CPU
		{ACB9C86C-5B5C-4D7E-9873-D15948B69405}.Release|Any CPU.ActiveCfg = Release|Any CPU
		{ACB9C86C-5B5C-4D7E-9873-D15948B69405}.Release|Any CPU.Build.0 = Release|Any CPU
	EndGlobalSection
	GlobalSection(SolutionProperties) = preSolution
		HideSolutionNode = FALSE
	EndGlobalSection
	GlobalSection(ExtensibilityGlobals) = postSolution
		SolutionGuid = {1936FC3D-0A2E-4E44-B088-34B2EF54E1F3}
	EndGlobalSection
EndGlobal
